
Microsoft Visual Studio Solution File, Format Version 12.00
# Visual Studio 2012
Project("{FAE04EC0-301F-11D3-BF4B-00C04F79EFBC}") = "AngularSource", "AngularSource\AngularSource.csproj", "{49AEC9BB-E6F4-40BB-BE9D-11671F7E5746}"
EndProject
Global
	GlobalSection(SolutionConfigurationPlatforms) = preSolution
		Debug|Any CPU = Debug|Any CPU
		Release|Any CPU = Release|Any CPU
	EndGlobalSection
	GlobalSection(ProjectConfigurationPlatforms) = postSolution
		{49AEC9BB-E6F4-40BB-BE9D-11671F7E5746}.Debug|Any CPU.ActiveCfg = Debug|Any CPU
		{49AEC9BB-E6F4-40BB-BE9D-11671F7E5746}.Debug|Any CPU.Build.0 = Debug|Any CPU
		{49AEC9BB-E6F4-40BB-BE9D-11671F7E5746}.Release|Any CPU.ActiveCfg = Release|Any CPU
		{49AEC9BB-E6F4-40BB-BE9D-11671F7E5746}.Release|Any CPU.Build.0 = Release|Any CPU
	EndGlobalSection
	GlobalSection(SolutionProperties) = preSolution
		HideSolutionNode = FALSE
	EndGlobalSection
EndGlobal
